// !$*UTF8*$!
{
	archiveVersion = 1;
	classes = {
	};
	objectVersion = 55;
	objects = {

/* Begin PBXBuildFile section */
		927AFCBF2820DC8D00F4D00D /* SwiftUIAssignment1App.swift in Sources */ = {isa = PBXBuildFile; fileRef = 927AFCBE2820DC8D00F4D00D /* SwiftUIAssignment1App.swift */; };
		927AFCC12820DC8D00F4D00D /* ContentView.swift in Sources */ = {isa = PBXBuildFile; fileRef = 927AFCC02820DC8D00F4D00D /* ContentView.swift */; };
		927AFCC32820DCA500F4D00D /* Assets.xcassets in Resources */ = {isa = PBXBuildFile; fileRef = 927AFCC22820DCA500F4D00D /* Assets.xcassets */; };
		927AFCC62820DCA500F4D00D /* Preview Assets.xcassets in Resources */ = {isa = PBXBuildFile; fileRef = 927AFCC52820DCA500F4D00D /* Preview Assets.xcassets */; };
		927AFCCD2820DE6E00F4D00D /* WelcomeView.swift in Sources */ = {isa = PBXBuildFile; fileRef = 927AFCCC2820DE6D00F4D00D /* WelcomeView.swift */; };
		927AFCD1282112DD00F4D00D /* HomeBookView.swift in Sources */ = {isa = PBXBuildFile; fileRef = 927AFCD0282112DD00F4D00D /* HomeBookView.swift */; };
		927AFCD328217E8F00F4D00D /* ListView.swift in Sources */ = {isa = PBXBuildFile; fileRef = 927AFCD228217E8F00F4D00D /* ListView.swift */; };
		927AFCD52822824500F4D00D /* CheckView.swift in Sources */ = {isa = PBXBuildFile; fileRef = 927AFCD42822824500F4D00D /* CheckView.swift */; };
/* End PBXBuildFile section */

/* Begin PBXFileReference section */
		927AFCBB2820DC8D00F4D00D /* SwiftUIAssignment1.app */ = {isa = PBXFileReference; explicitFileType = wrapper.application; includeInIndex = 0; path = SwiftUIAssignment1.app; sourceTree = BUILT_PRODUCTS_DIR; };
		927AFCBE2820DC8D00F4D00D /* SwiftUIAssignment1App.swift */ = {isa = PBXFileReference; lastKnownFileType = sourcecode.swift; path = SwiftUIAssignment1App.swift; sourceTree = "<group>"; };
		927AFCC02820DC8D00F4D00D /* ContentView.swift */ = {isa = PBXFileReference; lastKnownFileType = sourcecode.swift; path = ContentView.swift; sourceTree = "<group>"; };
		927AFCC22820DCA500F4D00D /* Assets.xcassets */ = {isa = PBXFileReference; lastKnownFileType = folder.assetcatalog; path = Assets.xcassets; sourceTree = "<group>"; };
		927AFCC52820DCA500F4D00D /* Preview Assets.xcassets */ = {isa = PBXFileReference; lastKnownFileType = folder.assetcatalog; path = "Preview Assets.xcassets"; sourceTree = "<group>"; };
		927AFCCC2820DE6D00F4D00D /* WelcomeView.swift */ = {isa = PBXFileReference; lastKnownFileType = sourcecode.swift; path = WelcomeView.swift; sourceTree = "<group>"; };
		927AFCD0282112DD00F4D00D /* HomeBookView.swift */ = {isa = PBXFileReference; lastKnownFileType = sourcecode.swift; path = HomeBookView.swift; sourceTree = "<group>"; };
		927AFCD228217E8F00F4D00D /* ListView.swift */ = {isa = PBXFileReference; lastKnownFileType = sourcecode.swift; path = ListView.swift; sourceTree = "<group>"; };
		927AFCD42822824500F4D00D /* CheckView.swift */ = {isa = PBXFileReference; lastKnownFileType = sourcecode.swift; path = CheckView.swift; sourceTree = "<group>"; };
/* End PBXFileReference section */

/* Begin PBXFrameworksBuildPhase section */
		927AFCB82820DC8D00F4D00D /* Frameworks */ = {
			isa = PBXFrameworksBuildPhase;
			buildActionMask = 2147483647;
			files = (
			);
			runOnlyForDeploymentPostprocessing = 0;
		};
/* End PBXFrameworksBuildPhase section */

/* Begin PBXGroup section */
		927AFCB22820DC8D00F4D00D = {
			isa = PBXGroup;
			children = (
				927AFCBD2820DC8D00F4D00D /* SwiftUIAssignment1 */,
				927AFCBC2820DC8D00F4D00D /* Products */,
			);
			sourceTree = "<group>";
		};
		927AFCBC2820DC8D00F4D00D /* Products */ = {
			isa = PBXGroup;
			children = (
				927AFCBB2820DC8D00F4D00D /* SwiftUIAssignment1.app */,
			);
			name = Products;
			sourceTree = "<group>";
		};
		927AFCBD2820DC8D00F4D00D /* SwiftUIAssignment1 */ = {
			isa = PBXGroup;
			children = (
				927AFCBE2820DC8D00F4D00D /* SwiftUIAssignment1App.swift */,
				927AFCD42822824500F4D00D /* CheckView.swift */,
				927AFCC02820DC8D00F4D00D /* ContentView.swift */,
				927AFCD228217E8F00F4D00D /* ListView.swift */,
				927AFCD0282112DD00F4D00D /* HomeBookView.swift */,
				927AFCCC2820DE6D00F4D00D /* WelcomeView.swift */,
				927AFCC22820DCA500F4D00D /* Assets.xcassets */,
				927AFCC42820DCA500F4D00D /* Preview Content */,
			);
			path = SwiftUIAssignment1;
			sourceTree = "<group>";
		};
		927AFCC42820DCA500F4D00D /* Preview Content */ = {
			isa = PBXGroup;
			children = (
				927AFCC52820DCA500F4D00D /* Preview Assets.xcassets */,
			);
			path = "Preview Content";
			sourceTree = "<group>";
		};
/* End PBXGroup section */

/* Begin PBXNativeTarget section */
		927AFCBA2820DC8D00F4D00D /* SwiftUIAssignment1 */ = {
			isa = PBXNativeTarget;
			buildConfigurationList = 927AFCC92820DCA500F4D00D /* Build configuration list for PBXNativeTarget "SwiftUIAssignment1" */;
			buildPhases = (
				927AFCB72820DC8D00F4D00D /* Sources */,
				927AFCB82820DC8D00F4D00D /* Frameworks */,
				927AFCB92820DC8D00F4D00D /* Resources */,
			);
			buildRules = (
			);
			dependencies = (
			);
			name = SwiftUIAssignment1;
			productName = SwiftUIAssignment1;
			productReference = 927AFCBB2820DC8D00F4D00D /* SwiftUIAssignment1.app */;
			productType = "com.apple.product-type.application";
		};
/* End PBXNativeTarget section */

/* Begin PBXProject section */
		927AFCB32820DC8D00F4D00D /* Project object */ = {
			isa = PBXProject;
			attributes = {
				BuildIndependentTargetsInParallel = 1;
				LastSwiftUpdateCheck = 1330;
				LastUpgradeCheck = 1330;
				TargetAttributes = {
					927AFCBA2820DC8D00F4D00D = {
						CreatedOnToolsVersion = 13.3.1;
					};
				};
			};
			buildConfigurationList = 927AFCB62820DC8D00F4D00D /* Build configuration list for PBXProject "SwiftUIAssignment1" */;
			compatibilityVersion = "Xcode 13.0";
			developmentRegion = en;
			hasScannedForEncodings = 0;
			knownRegions = (
				en,
				Base,
			);
			mainGroup = 927AFCB22820DC8D00F4D00D;
			productRefGroup = 927AFCBC2820DC8D00F4D00D /* Products */;
			projectDirPath = "";
			projectRoot = "";
			targets = (
				927AFCBA2820DC8D00F4D00D /* SwiftUIAssignment1 */,
			);
		};
/* End PBXProject section */

/* Begin PBXResourcesBuildPhase section */
		927AFCB92820DC8D00F4D00D /* Resources */ = {
			isa = PBXResourcesBuildPhase;
			buildActionMask = 2147483647;
			files = (
				927AFCC62820DCA500F4D00D /* Preview Assets.xcassets in Resources */,
				927AFCC32820DCA500F4D00D /* Assets.xcassets in Resources */,
			);
			runOnlyForDeploymentPostprocessing = 0;
		};
/* End PBXResourcesBuildPhase section */

/* Begin PBXSourcesBuildPhase section */
		927AFCB72820DC8D00F4D00D /* Sources */ = {
			isa = PBXSourcesBuildPhase;
			buildActionMask = 2147483647;
			files = (
				927AFCC12820DC8D00F4D00D /* ContentView.swift in Sources */,
				927AFCCD2820DE6E00F4D00D /* WelcomeView.swift in Sources */,
				927AFCD328217E8F00F4D00D /* ListView.swift in Sources */,
				927AFCBF2820DC8D00F4D00D /* SwiftUIAssignment1App.swift in Sources */,
				927AFCD1282112DD00F4D00D /* HomeBookView.swift in Sources */,
				927AFCD52822824500F4D00D /* CheckView.swift in Sources */,
			);
			runOnlyForDeploymentPostprocessing = 0;
		};
/* End PBXSourcesBuildPhase section */

/* Begin XCBuildConfiguration section */
		927AFCC72820DCA500F4D00D /* Debug */ = {
			isa = XCBuildConfiguration;
			buildSettings = {
				ALWAYS_SEARCH_USER_PATHS = NO;
				CLANG_ANALYZER_NONNULL = YES;
				CLANG_ANALYZER_NUMBER_OBJECT_CONVERSION = YES_AGGRESSIVE;
				CLANG_CXX_LANGUAGE_STANDARD = "gnu++17";
				CLANG_ENABLE_MODULES = YES;
				CLANG_ENABLE_OBJC_ARC = YES;
				CLANG_ENABLE_OBJC_WEAK = YES;
				CLANG_WARN_BLOCK_CAPTURE_AUTORELEASING = YES;
				CLANG_WARN_BOOL_CONVERSION = YES;
				CLANG_WARN_COMMA = YES;
				CLANG_WARN_CONSTANT_CONVERSION = YES;
				CLANG_WARN_DEPRECATED_OBJC_IMPLEMENTATIONS = YES;
				CLANG_WARN_DIRECT_OBJC_ISA_USAGE = YES_ERROR;
				CLANG_WARN_DOCUMENTATION_COMMENTS = YES;
				CLANG_WARN_EMPTY_BODY = YES;
				CLANG_WARN_ENUM_CONVERSION = YES;
				CLANG_WARN_INFINITE_RECURSION = YES;
				CLANG_WARN_INT_CONVERSION = YES;
				CLANG_WARN_NON_LITERAL_NULL_CONVERSION = YES;
				CLANG_WARN_OBJC_IMPLICIT_RETAIN_SELF = YES;
				CLANG_WARN_OBJC_LITERAL_CONVERSION = YES;
				CLANG_WARN_OBJC_ROOT_CLASS = YES_ERROR;
				CLANG_WARN_QUOTED_INCLUDE_IN_FRAMEWORK_HEADER = YES;
				CLANG_WARN_RANGE_LOOP_ANALYSIS = YES;
				CLANG_WARN_STRICT_PROTOTYPES = YES;
				CLANG_WARN_SUSPICIOUS_MOVE = YES;
				CLANG_WARN_UNGUARDED_AVAILABILITY = YES_AGGRESSIVE;
				CLANG_WARN_UNREACHABLE_CODE = YES;
				CLANG_WARN__DUPLICATE_METHOD_MATCH = YES;
				COPY_PHASE_STRIP = NO;
				DEBUG_INFORMATION_FORMAT = dwarf;
				ENABLE_STRICT_OBJC_MSGSEND = YES;
				ENABLE_TESTABILITY = YES;
				GCC_C_LANGUAGE_STANDARD = gnu11;
				GCC_DYNAMIC_NO_PIC = NO;
				GCC_NO_COMMON_BLOCKS = YES;
				GCC_OPTIMIZATION_LEVEL = 0;
				GCC_PREPROCESSOR_DEFINITIONS = (
					"DEBUG=1",
					"$(inherited)",
				);
				GCC_WARN_64_TO_32_BIT_CONVERSION = YES;
				GCC_WARN_ABOUT_RETURN_TYPE = YES_ERROR;
				GCC_WARN_UNDECLARED_SELECTOR = YES;
				GCC_WARN_UNINITIALIZED_AUTOS = YES_AGGRESSIVE;
				GCC_WARN_UNUSED_FUNCTION = YES;
				GCC_WARN_UNUSED_VARIABLE = YES;
				IPHONEOS_DEPLOYMENT_TARGET = 15.4;
				MTL_ENABLE_DEBUG_INFO = INCLUDE_SOURCE;
				MTL_FAST_MATH = YES;
				ONLY_ACTIVE_ARCH = YES;
				SDKROOT = iphoneos;
				SWIFT_ACTIVE_COMPILATION_CONDITIONS = DEBUG;
				SWIFT_OPTIMIZATION_LEVEL = "-Onone";
			};
			name = Debug;
		};
		927AFCC82820DCA500F4D00D /* Release */ = {
			isa = XCBuildConfiguration;
			buildSettings = {
				ALWAYS_SEARCH_USER_PATHS = NO;
				CLANG_ANALYZER_NONNULL = YES;
				CLANG_ANALYZER_NUMBER_OBJECT_CONVERSION = YES_AGGRESSIVE;
				CLANG_CXX_LANGUAGE_STANDARD = "gnu++17";
				CLANG_ENABLE_MODULES = YES;
				CLANG_ENABLE_OBJC_ARC = YES;
				CLANG_ENABLE_OBJC_WEAK = YES;
				CLANG_WARN_BLOCK_CAPTURE_AUTORELEASING = YES;
				CLANG_WARN_BOOL_CONVERSION = YES;
				CLANG_WARN_COMMA = YES;
				CLANG_WARN_CONSTANT_CONVERSION = YES;
				CLANG_WARN_DEPRECATED_OBJC_IMPLEMENTATIONS = YES;
				CLANG_WARN_DIRECT_OBJC_ISA_USAGE = YES_ERROR;
				CLANG_WARN_DOCUMENTATION_COMMENTS = YES;
				CLANG_WARN_EMPTY_BODY = YES;
				CLANG_WARN_ENUM_CONVERSION = YES;
				CLANG_WARN_INFINITE_RECURSION = YES;
				CLANG_WARN_INT_CONVERSION = YES;
				CLANG_WARN_NON_LITERAL_NULL_CONVERSION = YES;
				CLANG_WARN_OBJC_IMPLICIT_RETAIN_SELF = YES;
				CLANG_WARN_OBJC_LITERAL_CONVERSION = YES;
				CLANG_WARN_OBJC_ROOT_CLASS = YES_ERROR;
				CLANG_WARN_QUOTED_INCLUDE_IN_FRAMEWORK_HEADER = YES;
				CLANG_WARN_RANGE_LOOP_ANALYSIS = YES;
				CLANG_WARN_STRICT_PROTOTYPES = YES;
				CLANG_WARN_SUSPICIOUS_MOVE = YES;
				CLANG_WARN_UNGUARDED_AVAILABILITY = YES_AGGRESSIVE;
				CLANG_WARN_UNREACHABLE_CODE = YES;
				CLANG_WARN__DUPLICATE_METHOD_MATCH = YES;
				COPY_PHASE_STRIP = NO;
				DEBUG_INFORMATION_FORMAT = "dwarf-with-dsym";
				ENABLE_NS_ASSERTIONS = NO;
				ENABLE_STRICT_OBJC_MSGSEND = YES;
				GCC_C_LANGUAGE_STANDARD = gnu11;
				GCC_NO_COMMON_BLOCKS = YES;
				GCC_WARN_64_TO_32_BIT_CONVERSION = YES;
				GCC_WARN_ABOUT_RETURN_TYPE = YES_ERROR;
				GCC_WARN_UNDECLARED_SELECTOR = YES;
				GCC_WARN_UNINITIALIZED_AUTOS = YES_AGGRESSIVE;
				GCC_WARN_UNUSED_FUNCTION = YES;
				GCC_WARN_UNUSED_VARIABLE = YES;
				IPHONEOS_DEPLOYMENT_TARGET = 15.4;
				MTL_ENABLE_DEBUG_INFO = NO;
				MTL_FAST_MATH = YES;
				SDKROOT = iphoneos;
				SWIFT_COMPILATION_MODE = wholemodule;
				SWIFT_OPTIMIZATION_LEVEL = "-O";
				VALIDATE_PRODUCT = YES;
			};
			name = Release;
		};
		927AFCCA2820DCA500F4D00D /* Debug */ = {
			isa = XCBuildConfiguration;
			buildSettings = {
				ASSETCATALOG_COMPILER_APPICON_NAME = AppIcon;
				ASSETCATALOG_COMPILER_GLOBAL_ACCENT_COLOR_NAME = AccentColor;
				CODE_SIGN_STYLE = Automatic;
				CURRENT_PROJECT_VERSION = 1;
				DEVELOPMENT_ASSET_PATHS = "\"SwiftUIAssignment1/Preview Content\"";
				DEVELOPMENT_TEAM = BYNPY4J75T;
				ENABLE_PREVIEWS = YES;
				GENERATE_INFOPLIST_FILE = YES;
				INFOPLIST_KEY_UIApplicationSceneManifest_Generation = YES;
				INFOPLIST_KEY_UIApplicationSupportsIndirectInputEvents = YES;
				INFOPLIST_KEY_UILaunchScreen_Generation = YES;
				INFOPLIST_KEY_UISupportedInterfaceOrientations_iPad = "UIInterfaceOrientationPortrait UIInterfaceOrientationPortraitUpsideDown UIInterfaceOrientationLandscapeLeft UIInterfaceOrientationLandscapeRight";
				INFOPLIST_KEY_UISupportedInterfaceOrientations_iPhone = "UIInterfaceOrientationPortrait UIInterfaceOrientationLandscapeLeft UIInterfaceOrientationLandscapeRight";
				LD_RUNPATH_SEARCH_PATHS = (
					"$(inherited)",
					"@executable_path/Frameworks",
				);
				MARKETING_VERSION = 1.0;
				PRODUCT_BUNDLE_IDENTIFIER = merey.SwiftUIAssignment1;
				PRODUCT_NAME = "$(TARGET_NAME)";
				SWIFT_EMIT_LOC_STRINGS = YES;
				SWIFT_VERSION = 5.0;
				TARGETED_DEVICE_FAMILY = "1,2";
			};
			name = Debug;
		};
		927AFCCB2820DCA500F4D00D /* Release */ = {
			isa = XCBuildConfiguration;
			buildSettings = {
				ASSETCATALOG_COMPILER_APPICON_NAME = AppIcon;
				ASSETCATALOG_COMPILER_GLOBAL_ACCENT_COLOR_NAME = AccentColor;
				CODE_SIGN_STYLE = Automatic;
				CURRENT_PROJECT_VERSION = 1;
				DEVELOPMENT_ASSET_PATHS = "\"SwiftUIAssignment1/Preview Content\"";
				DEVELOPMENT_TEAM = BYNPY4J75T;
				ENABLE_PREVIEWS = YES;
				GENERATE_INFOPLIST_FILE = YES;
				INFOPLIST_KEY_UIApplicationSceneManifest_Generation = YES;
				INFOPLIST_KEY_UIApplicationSupportsIndirectInputEvents = YES;
				INFOPLIST_KEY_UILaunchScreen_Generation = YES;
				INFOPLIST_KEY_UISupportedInterfaceOrientations_iPad = "UIInterfaceOrientationPortrait UIInterfaceOrientationPortraitUpsideDown UIInterfaceOrientationLandscapeLeft UIInterfaceOrientationLandscapeRight";
				INFOPLIST_KEY_UISupportedInterfaceOrientations_iPhone = "UIInterfaceOrientationPortrait UIInterfaceOrientationLandscapeLeft UIInterfaceOrientationLandscapeRight";
				LD_RUNPATH_SEARCH_PATHS = (
					"$(inherited)",
					"@executable_path/Frameworks",
				);
				MARKETING_VERSION = 1.0;
				PRODUCT_BUNDLE_IDENTIFIER = merey.SwiftUIAssignment1;
				PRODUCT_NAME = "$(TARGET_NAME)";
				SWIFT_EMIT_LOC_STRINGS = YES;
				SWIFT_VERSION = 5.0;
				TARGETED_DEVICE_FAMILY = "1,2";
			};
			name = Release;
		};
/* End XCBuildConfiguration section */

/* Begin XCConfigurationList section */
		927AFCB62820DC8D00F4D00D /* Build configuration list for PBXProject "SwiftUIAssignment1" */ = {
			isa = XCConfigurationList;
			buildConfigurations = (
				927AFCC72820DCA500F4D00D /* Debug */,
				927AFCC82820DCA500F4D00D /* Release */,
			);
			defaultConfigurationIsVisible = 0;
			defaultConfigurationName = Release;
		};
		927AFCC92820DCA500F4D00D /* Build configuration list for PBXNativeTarget "SwiftUIAssignment1" */ = {
			isa = XCConfigurationList;
			buildConfigurations = (
				927AFCCA2820DCA500F4D00D /* Debug */,
				927AFCCB2820DCA500F4D00D /* Release */,
			);
			defaultConfigurationIsVisible = 0;
			defaultConfigurationName = Release;
		};
/* End XCConfigurationList section */
	};
	rootObject = 927AFCB32820DC8D00F4D00D /* Project object */;
}
